// !$*UTF8*$!
{
	archiveVersion = 1;
	classes = {
	};
	objectVersion = 56;
	objects = {

/* Begin PBXBuildFile section */
		CF9E15622A6927D70047EC04 /* Let_Me_DoApp.swift in Sources */ = {isa = PBXBuildFile; fileRef = CF9E15612A6927D70047EC04 /* Let_Me_DoApp.swift */; };
		CF9E15662A6927D90047EC04 /* Assets.xcassets in Resources */ = {isa = PBXBuildFile; fileRef = CF9E15652A6927D90047EC04 /* Assets.xcassets */; };
		CF9E15692A6927D90047EC04 /* Preview Assets.xcassets in Resources */ = {isa = PBXBuildFile; fileRef = CF9E15682A6927D90047EC04 /* Preview Assets.xcassets */; };
		CF9E15702A6929140047EC04 /* ListView.swift in Sources */ = {isa = PBXBuildFile; fileRef = CF9E156F2A6929140047EC04 /* ListView.swift */; };
		CF9E15722A692C490047EC04 /* ListRowView.swift in Sources */ = {isa = PBXBuildFile; fileRef = CF9E15712A692C490047EC04 /* ListRowView.swift */; };
		CF9E15752A692FB80047EC04 /* AddView.swift in Sources */ = {isa = PBXBuildFile; fileRef = CF9E15742A692FB80047EC04 /* AddView.swift */; };
		CF9E15782A6935430047EC04 /* ItemModel.swift in Sources */ = {isa = PBXBuildFile; fileRef = CF9E15772A6935430047EC04 /* ItemModel.swift */; };
		CF9E157D2A6943050047EC04 /* ListViewModel.swift in Sources */ = {isa = PBXBuildFile; fileRef = CF9E157C2A6943050047EC04 /* ListViewModel.swift */; };
/* End PBXBuildFile section */

/* Begin PBXFileReference section */
		CF9E155E2A6927D70047EC04 /* Let Me Do.app */ = {isa = PBXFileReference; explicitFileType = wrapper.application; includeInIndex = 0; path = "Let Me Do.app"; sourceTree = BUILT_PRODUCTS_DIR; };
		CF9E15612A6927D70047EC04 /* Let_Me_DoApp.swift */ = {isa = PBXFileReference; lastKnownFileType = sourcecode.swift; path = Let_Me_DoApp.swift; sourceTree = "<group>"; };
		CF9E15652A6927D90047EC04 /* Assets.xcassets */ = {isa = PBXFileReference; lastKnownFileType = folder.assetcatalog; path = Assets.xcassets; sourceTree = "<group>"; };
		CF9E15682A6927D90047EC04 /* Preview Assets.xcassets */ = {isa = PBXFileReference; lastKnownFileType = folder.assetcatalog; path = "Preview Assets.xcassets"; sourceTree = "<group>"; };
		CF9E156F2A6929140047EC04 /* ListView.swift */ = {isa = PBXFileReference; lastKnownFileType = sourcecode.swift; path = ListView.swift; sourceTree = "<group>"; };
		CF9E15712A692C490047EC04 /* ListRowView.swift */ = {isa = PBXFileReference; lastKnownFileType = sourcecode.swift; path = ListRowView.swift; sourceTree = "<group>"; };
		CF9E15742A692FB80047EC04 /* AddView.swift */ = {isa = PBXFileReference; lastKnownFileType = sourcecode.swift; path = AddView.swift; sourceTree = "<group>"; };
		CF9E15772A6935430047EC04 /* ItemModel.swift */ = {isa = PBXFileReference; lastKnownFileType = sourcecode.swift; path = ItemModel.swift; sourceTree = "<group>"; };
		CF9E157C2A6943050047EC04 /* ListViewModel.swift */ = {isa = PBXFileReference; lastKnownFileType = sourcecode.swift; path = ListViewModel.swift; sourceTree = "<group>"; };
/* End PBXFileReference section */

/* Begin PBXFrameworksBuildPhase section */
		CF9E155B2A6927D70047EC04 /* Frameworks */ = {
			isa = PBXFrameworksBuildPhase;
			buildActionMask = 2147483647;
			files = (
			);
			runOnlyForDeploymentPostprocessing = 0;
		};
/* End PBXFrameworksBuildPhase section */

/* Begin PBXGroup section */
		CF9E15552A6927D70047EC04 = {
			isa = PBXGroup;
			children = (
				CF9E15602A6927D70047EC04 /* Let Me Do */,
				CF9E155F2A6927D70047EC04 /* Products */,
			);
			sourceTree = "<group>";
		};
		CF9E155F2A6927D70047EC04 /* Products */ = {
			isa = PBXGroup;
			children = (
				CF9E155E2A6927D70047EC04 /* Let Me Do.app */,
			);
			name = Products;
			sourceTree = "<group>";
		};
		CF9E15602A6927D70047EC04 /* Let Me Do */ = {
			isa = PBXGroup;
			children = (
				CF9E15672A6927D90047EC04 /* Preview Content */,
				CF9E157B2A69417F0047EC04 /* ViewModel */,
				CF9E15732A692F990047EC04 /* Views */,
				CF9E15762A69352A0047EC04 /* Model */,
				CF9E157A2A6941500047EC04 /* res */,
				CF9E15792A6941450047EC04 /* utils */,
			);
			path = "Let Me Do";
			sourceTree = "<group>";
		};
		CF9E15672A6927D90047EC04 /* Preview Content */ = {
			isa = PBXGroup;
			children = (
				CF9E15682A6927D90047EC04 /* Preview Assets.xcassets */,
			);
			path = "Preview Content";
			sourceTree = "<group>";
		};
		CF9E15732A692F990047EC04 /* Views */ = {
			isa = PBXGroup;
			children = (
				CF9E156F2A6929140047EC04 /* ListView.swift */,
				CF9E15712A692C490047EC04 /* ListRowView.swift */,
				CF9E15742A692FB80047EC04 /* AddView.swift */,
			);
			path = Views;
			sourceTree = "<group>";
		};
		CF9E15762A69352A0047EC04 /* Model */ = {
			isa = PBXGroup;
			children = (
				CF9E15772A6935430047EC04 /* ItemModel.swift */,
			);
			path = Model;
			sourceTree = "<group>";
		};
		CF9E15792A6941450047EC04 /* utils */ = {
			isa = PBXGroup;
			children = (
				CF9E15612A6927D70047EC04 /* Let_Me_DoApp.swift */,
			);
			path = utils;
			sourceTree = "<group>";
		};
		CF9E157A2A6941500047EC04 /* res */ = {
			isa = PBXGroup;
			children = (
				CF9E15652A6927D90047EC04 /* Assets.xcassets */,
			);
			path = res;
			sourceTree = "<group>";
		};
		CF9E157B2A69417F0047EC04 /* ViewModel */ = {
			isa = PBXGroup;
			children = (
				CF9E157C2A6943050047EC04 /* ListViewModel.swift */,
			);
			path = ViewModel;
			sourceTree = "<group>";
		};
/* End PBXGroup section */

/* Begin PBXNativeTarget section */
		CF9E155D2A6927D70047EC04 /* Let Me Do */ = {
			isa = PBXNativeTarget;
			buildConfigurationList = CF9E156C2A6927D90047EC04 /* Build configuration list for PBXNativeTarget "Let Me Do" */;
			buildPhases = (
				CF9E155A2A6927D70047EC04 /* Sources */,
				CF9E155B2A6927D70047EC04 /* Frameworks */,
				CF9E155C2A6927D70047EC04 /* Resources */,
			);
			buildRules = (
			);
			dependencies = (
			);
			name = "Let Me Do";
			productName = "Let Me Do";
			productReference = CF9E155E2A6927D70047EC04 /* Let Me Do.app */;
			productType = "com.apple.product-type.application";
		};
/* End PBXNativeTarget section */

/* Begin PBXProject section */
		CF9E15562A6927D70047EC04 /* Project object */ = {
			isa = PBXProject;
			attributes = {
				BuildIndependentTargetsInParallel = 1;
				LastSwiftUpdateCheck = 1420;
				LastUpgradeCheck = 1420;
				TargetAttributes = {
					CF9E155D2A6927D70047EC04 = {
						CreatedOnToolsVersion = 14.2;
					};
				};
			};
			buildConfigurationList = CF9E15592A6927D70047EC04 /* Build configuration list for PBXProject "Let Me Do" */;
			compatibilityVersion = "Xcode 14.0";
			developmentRegion = en;
			hasScannedForEncodings = 0;
			knownRegions = (
				en,
				Base,
			);
			mainGroup = CF9E15552A6927D70047EC04;
			productRefGroup = CF9E155F2A6927D70047EC04 /* Products */;
			projectDirPath = "";
			projectRoot = "";
			targets = (
				CF9E155D2A6927D70047EC04 /* Let Me Do */,
			);
		};
/* End PBXProject section */

/* Begin PBXResourcesBuildPhase section */
		CF9E155C2A6927D70047EC04 /* Resources */ = {
			isa = PBXResourcesBuildPhase;
			buildActionMask = 2147483647;
			files = (
				CF9E15692A6927D90047EC04 /* Preview Assets.xcassets in Resources */,
				CF9E15662A6927D90047EC04 /* Assets.xcassets in Resources */,
			);
			runOnlyForDeploymentPostprocessing = 0;
		};
/* End PBXResourcesBuildPhase section */

/* Begin PBXSourcesBuildPhase section */
		CF9E155A2A6927D70047EC04 /* Sources */ = {
			isa = PBXSourcesBuildPhase;
			buildActionMask = 2147483647;
			files = (
				CF9E15782A6935430047EC04 /* ItemModel.swift in Sources */,
				CF9E15752A692FB80047EC04 /* AddView.swift in Sources */,
				CF9E157D2A6943050047EC04 /* ListViewModel.swift in Sources */,
				CF9E15622A6927D70047EC04 /* Let_Me_DoApp.swift in Sources */,
				CF9E15702A6929140047EC04 /* ListView.swift in Sources */,
				CF9E15722A692C490047EC04 /* ListRowView.swift in Sources */,
			);
			runOnlyForDeploymentPostprocessing = 0;
		};
/* End PBXSourcesBuildPhase section */

/* Begin XCBuildConfiguration section */
		CF9E156A2A6927D90047EC04 /* Debug */ = {
			isa = XCBuildConfiguration;
			buildSettings = {
				ALWAYS_SEARCH_USER_PATHS = NO;
				CLANG_ANALYZER_NONNULL = YES;
				CLANG_ANALYZER_NUMBER_OBJECT_CONVERSION = YES_AGGRESSIVE;
				CLANG_CXX_LANGUAGE_STANDARD = "gnu++20";
				CLANG_ENABLE_MODULES = YES;
				CLANG_ENABLE_OBJC_ARC = YES;
				CLANG_ENABLE_OBJC_WEAK = YES;
				CLANG_WARN_BLOCK_CAPTURE_AUTORELEASING = YES;
				CLANG_WARN_BOOL_CONVERSION = YES;
				CLANG_WARN_COMMA = YES;
				CLANG_WARN_CONSTANT_CONVERSION = YES;
				CLANG_WARN_DEPRECATED_OBJC_IMPLEMENTATIONS = YES;
				CLANG_WARN_DIRECT_OBJC_ISA_USAGE = YES_ERROR;
				CLANG_WARN_DOCUMENTATION_COMMENTS = YES;
				CLANG_WARN_EMPTY_BODY = YES;
				CLANG_WARN_ENUM_CONVERSION = YES;
				CLANG_WARN_INFINITE_RECURSION = YES;
				CLANG_WARN_INT_CONVERSION = YES;
				CLANG_WARN_NON_LITERAL_NULL_CONVERSION = YES;
				CLANG_WARN_OBJC_IMPLICIT_RETAIN_SELF = YES;
				CLANG_WARN_OBJC_LITERAL_CONVERSION = YES;
				CLANG_WARN_OBJC_ROOT_CLASS = YES_ERROR;
				CLANG_WARN_QUOTED_INCLUDE_IN_FRAMEWORK_HEADER = YES;
				CLANG_WARN_RANGE_LOOP_ANALYSIS = YES;
				CLANG_WARN_STRICT_PROTOTYPES = YES;
				CLANG_WARN_SUSPICIOUS_MOVE = YES;
				CLANG_WARN_UNGUARDED_AVAILABILITY = YES_AGGRESSIVE;
				CLANG_WARN_UNREACHABLE_CODE = YES;
				CLANG_WARN__DUPLICATE_METHOD_MATCH = YES;
				COPY_PHASE_STRIP = NO;
				DEBUG_INFORMATION_FORMAT = dwarf;
				ENABLE_STRICT_OBJC_MSGSEND = YES;
				ENABLE_TESTABILITY = YES;
				GCC_C_LANGUAGE_STANDARD = gnu11;
				GCC_DYNAMIC_NO_PIC = NO;
				GCC_NO_COMMON_BLOCKS = YES;
				GCC_OPTIMIZATION_LEVEL = 0;
				GCC_PREPROCESSOR_DEFINITIONS = (
					"DEBUG=1",
					"$(inherited)",
				);
				GCC_WARN_64_TO_32_BIT_CONVERSION = YES;
				GCC_WARN_ABOUT_RETURN_TYPE = YES_ERROR;
				GCC_WARN_UNDECLARED_SELECTOR = YES;
				GCC_WARN_UNINITIALIZED_AUTOS = YES_AGGRESSIVE;
				GCC_WARN_UNUSED_FUNCTION = YES;
				GCC_WARN_UNUSED_VARIABLE = YES;
				IPHONEOS_DEPLOYMENT_TARGET = 16.2;
				MTL_ENABLE_DEBUG_INFO = INCLUDE_SOURCE;
				MTL_FAST_MATH = YES;
				ONLY_ACTIVE_ARCH = YES;
				SDKROOT = iphoneos;
				SWIFT_ACTIVE_COMPILATION_CONDITIONS = DEBUG;
				SWIFT_OPTIMIZATION_LEVEL = "-Onone";
			};
			name = Debug;
		};
		CF9E156B2A6927D90047EC04 /* Release */ = {
			isa = XCBuildConfiguration;
			buildSettings = {
				ALWAYS_SEARCH_USER_PATHS = NO;
				CLANG_ANALYZER_NONNULL = YES;
				CLANG_ANALYZER_NUMBER_OBJECT_CONVERSION = YES_AGGRESSIVE;
				CLANG_CXX_LANGUAGE_STANDARD = "gnu++20";
				CLANG_ENABLE_MODULES = YES;
				CLANG_ENABLE_OBJC_ARC = YES;
				CLANG_ENABLE_OBJC_WEAK = YES;
				CLANG_WARN_BLOCK_CAPTURE_AUTORELEASING = YES;
				CLANG_WARN_BOOL_CONVERSION = YES;
				CLANG_WARN_COMMA = YES;
				CLANG_WARN_CONSTANT_CONVERSION = YES;
				CLANG_WARN_DEPRECATED_OBJC_IMPLEMENTATIONS = YES;
				CLANG_WARN_DIRECT_OBJC_ISA_USAGE = YES_ERROR;
				CLANG_WARN_DOCUMENTATION_COMMENTS = YES;
				CLANG_WARN_EMPTY_BODY = YES;
				CLANG_WARN_ENUM_CONVERSION = YES;
				CLANG_WARN_INFINITE_RECURSION = YES;
				CLANG_WARN_INT_CONVERSION = YES;
				CLANG_WARN_NON_LITERAL_NULL_CONVERSION = YES;
				CLANG_WARN_OBJC_IMPLICIT_RETAIN_SELF = YES;
				CLANG_WARN_OBJC_LITERAL_CONVERSION = YES;
				CLANG_WARN_OBJC_ROOT_CLASS = YES_ERROR;
				CLANG_WARN_QUOTED_INCLUDE_IN_FRAMEWORK_HEADER = YES;
				CLANG_WARN_RANGE_LOOP_ANALYSIS = YES;
				CLANG_WARN_STRICT_PROTOTYPES = YES;
				CLANG_WARN_SUSPICIOUS_MOVE = YES;
				CLANG_WARN_UNGUARDED_AVAILABILITY = YES_AGGRESSIVE;
				CLANG_WARN_UNREACHABLE_CODE = YES;
				CLANG_WARN__DUPLICATE_METHOD_MATCH = YES;
				COPY_PHASE_STRIP = NO;
				DEBUG_INFORMATION_FORMAT = "dwarf-with-dsym";
				ENABLE_NS_ASSERTIONS = NO;
				ENABLE_STRICT_OBJC_MSGSEND = YES;
				GCC_C_LANGUAGE_STANDARD = gnu11;
				GCC_NO_COMMON_BLOCKS = YES;
				GCC_WARN_64_TO_32_BIT_CONVERSION = YES;
				GCC_WARN_ABOUT_RETURN_TYPE = YES_ERROR;
				GCC_WARN_UNDECLARED_SELECTOR = YES;
				GCC_WARN_UNINITIALIZED_AUTOS = YES_AGGRESSIVE;
				GCC_WARN_UNUSED_FUNCTION = YES;
				GCC_WARN_UNUSED_VARIABLE = YES;
				IPHONEOS_DEPLOYMENT_TARGET = 16.2;
				MTL_ENABLE_DEBUG_INFO = NO;
				MTL_FAST_MATH = YES;
				SDKROOT = iphoneos;
				SWIFT_COMPILATION_MODE = wholemodule;
				SWIFT_OPTIMIZATION_LEVEL = "-O";
				VALIDATE_PRODUCT = YES;
			};
			name = Release;
		};
		CF9E156D2A6927D90047EC04 /* Debug */ = {
			isa = XCBuildConfiguration;
			buildSettings = {
				ASSETCATALOG_COMPILER_APPICON_NAME = AppIcon;
				ASSETCATALOG_COMPILER_GLOBAL_ACCENT_COLOR_NAME = AccentColor;
				CODE_SIGN_STYLE = Automatic;
				CURRENT_PROJECT_VERSION = 1;
				DEVELOPMENT_ASSET_PATHS = "\"Let Me Do/Preview Content\"";
				DEVELOPMENT_TEAM = PK227F7A4N;
				ENABLE_PREVIEWS = YES;
				GENERATE_INFOPLIST_FILE = YES;
				INFOPLIST_KEY_UIApplicationSceneManifest_Generation = YES;
				INFOPLIST_KEY_UIApplicationSupportsIndirectInputEvents = YES;
				INFOPLIST_KEY_UILaunchScreen_Generation = YES;
				INFOPLIST_KEY_UISupportedInterfaceOrientations_iPad = "UIInterfaceOrientationPortrait UIInterfaceOrientationPortraitUpsideDown UIInterfaceOrientationLandscapeLeft UIInterfaceOrientationLandscapeRight";
				INFOPLIST_KEY_UISupportedInterfaceOrientations_iPhone = "UIInterfaceOrientationPortrait UIInterfaceOrientationLandscapeLeft UIInterfaceOrientationLandscapeRight";
				LD_RUNPATH_SEARCH_PATHS = (
					"$(inherited)",
					"@executable_path/Frameworks",
				);
				MARKETING_VERSION = 1.0;
				PRODUCT_BUNDLE_IDENTIFIER = "xyz.hihasan.Let-Me-Do";
				PRODUCT_NAME = "$(TARGET_NAME)";
				SWIFT_EMIT_LOC_STRINGS = YES;
				SWIFT_VERSION = 5.0;
				TARGETED_DEVICE_FAMILY = "1,2";
			};
			name = Debug;
		};
		CF9E156E2A6927D90047EC04 /* Release */ = {
			isa = XCBuildConfiguration;
			buildSettings = {
				ASSETCATALOG_COMPILER_APPICON_NAME = AppIcon;
				ASSETCATALOG_COMPILER_GLOBAL_ACCENT_COLOR_NAME = AccentColor;
				CODE_SIGN_STYLE = Automatic;
				CURRENT_PROJECT_VERSION = 1;
				DEVELOPMENT_ASSET_PATHS = "\"Let Me Do/Preview Content\"";
				DEVELOPMENT_TEAM = PK227F7A4N;
				ENABLE_PREVIEWS = YES;
				GENERATE_INFOPLIST_FILE = YES;
				INFOPLIST_KEY_UIApplicationSceneManifest_Generation = YES;
				INFOPLIST_KEY_UIApplicationSupportsIndirectInputEvents = YES;
				INFOPLIST_KEY_UILaunchScreen_Generation = YES;
				INFOPLIST_KEY_UISupportedInterfaceOrientations_iPad = "UIInterfaceOrientationPortrait UIInterfaceOrientationPortraitUpsideDown UIInterfaceOrientationLandscapeLeft UIInterfaceOrientationLandscapeRight";
				INFOPLIST_KEY_UISupportedInterfaceOrientations_iPhone = "UIInterfaceOrientationPortrait UIInterfaceOrientationLandscapeLeft UIInterfaceOrientationLandscapeRight";
				LD_RUNPATH_SEARCH_PATHS = (
					"$(inherited)",
					"@executable_path/Frameworks",
				);
				MARKETING_VERSION = 1.0;
				PRODUCT_BUNDLE_IDENTIFIER = "xyz.hihasan.Let-Me-Do";
				PRODUCT_NAME = "$(TARGET_NAME)";
				SWIFT_EMIT_LOC_STRINGS = YES;
				SWIFT_VERSION = 5.0;
				TARGETED_DEVICE_FAMILY = "1,2";
			};
			name = Release;
		};
/* End XCBuildConfiguration section */

/* Begin XCConfigurationList section */
		CF9E15592A6927D70047EC04 /* Build configuration list for PBXProject "Let Me Do" */ = {
			isa = XCConfigurationList;
			buildConfigurations = (
				CF9E156A2A6927D90047EC04 /* Debug */,
				CF9E156B2A6927D90047EC04 /* Release */,
			);
			defaultConfigurationIsVisible = 0;
			defaultConfigurationName = Release;
		};
		CF9E156C2A6927D90047EC04 /* Build configuration list for PBXNativeTarget "Let Me Do" */ = {
			isa = XCConfigurationList;
			buildConfigurations = (
				CF9E156D2A6927D90047EC04 /* Debug */,
				CF9E156E2A6927D90047EC04 /* Release */,
			);
			defaultConfigurationIsVisible = 0;
			defaultConfigurationName = Release;
		};
/* End XCConfigurationList section */
	};
	rootObject = CF9E15562A6927D70047EC04 /* Project object */;
}
